
Microsoft Visual Studio Solution File, Format Version 12.00
# Visual Studio Version 16
VisualStudioVersion = 16.0.29911.84
MinimumVisualStudioVersion = 10.0.40219.1
Project("{FAE04EC0-301F-11D3-BF4B-00C04F79EFBC}") = "HoodAid", "HoodAid.csproj", "{E7FA51FC-F6E9-4FC1-A314-F3D4701B3CB9}"
EndProject
Global
	GlobalSection(SolutionConfigurationPlatforms) = preSolution
		Debug|Any CPU = Debug|Any CPU
		Release|Any CPU = Release|Any CPU
	EndGlobalSection
	GlobalSection(ProjectConfigurationPlatforms) = postSolution
		{E7FA51FC-F6E9-4FC1-A314-F3D4701B3CB9}.Debug|Any CPU.ActiveCfg = Debug|Any CPU
		{E7FA51FC-F6E9-4FC1-A314-F3D4701B3CB9}.Debug|Any CPU.Build.0 = Debug|Any CPU
		{E7FA51FC-F6E9-4FC1-A314-F3D4701B3CB9}.Release|Any CPU.ActiveCfg = Release|Any CPU
		{E7FA51FC-F6E9-4FC1-A314-F3D4701B3CB9}.Release|Any CPU.Build.0 = Release|Any CPU
	EndGlobalSection
	GlobalSection(SolutionProperties) = preSolution
		HideSolutionNode = FALSE
	EndGlobalSection
	GlobalSection(ExtensibilityGlobals) = postSolution
		SolutionGuid = {056B5B5E-D8C4-4BD6-B3B2-620A0AD71563}
	EndGlobalSection
	GlobalSection(TeamFoundationVersionControl) = preSolution
		SccNumberOfProjects = 2
		SccEnterpriseProvider = {4CA58AB2-18FA-4F8D-95D4-32DDF27D184C}
		SccTeamFoundationServer = https://tleclaire.visualstudio.com/
		SccLocalPath0 = .
		SccProjectUniqueName1 = HoodAid.csproj
		SccLocalPath1 = .
	EndGlobalSection
EndGlobal
